// !$*UTF8*$!
{
	archiveVersion = 1;
	classes = {
	};
	objectVersion = 56;
	objects = {

/* Begin PBXBuildFile section */
		B8F0BC7D726A65EE1B5D7ACB /* Pods_RoSocketDebug.framework in Frameworks */ = {isa = PBXBuildFile; fileRef = 5964F58E82CC89380C86B4DF /* Pods_RoSocketDebug.framework */; };
		FDB1CE8A2973CC840073EAA1 /* RoSocketDebugApp.swift in Sources */ = {isa = PBXBuildFile; fileRef = FDB1CE892973CC840073EAA1 /* RoSocketDebugApp.swift */; };
		FDB1CE8C2973CC840073EAA1 /* Persistence.swift in Sources */ = {isa = PBXBuildFile; fileRef = FDB1CE8B2973CC840073EAA1 /* Persistence.swift */; };
		FDB1CE8F2973CC840073EAA1 /* RoSocketDebug.xcdatamodeld in Sources */ = {isa = PBXBuildFile; fileRef = FDB1CE8D2973CC840073EAA1 /* RoSocketDebug.xcdatamodeld */; };
		FDB1CE912973CC840073EAA1 /* ContentView.swift in Sources */ = {isa = PBXBuildFile; fileRef = FDB1CE902973CC840073EAA1 /* ContentView.swift */; };
		FDB1CE932973CC870073EAA1 /* Assets.xcassets in Resources */ = {isa = PBXBuildFile; fileRef = FDB1CE922973CC870073EAA1 /* Assets.xcassets */; };
		FDB1CE972973CC870073EAA1 /* Preview Assets.xcassets in Resources */ = {isa = PBXBuildFile; fileRef = FDB1CE962973CC870073EAA1 /* Preview Assets.xcassets */; };
		FDB1CEAB2973CD1B0073EAA1 /* MessageModel.swift in Sources */ = {isa = PBXBuildFile; fileRef = FDB1CE9E2973CD1A0073EAA1 /* MessageModel.swift */; };
		FDB1CEAC2973CD1B0073EAA1 /* ClientViewModel.swift in Sources */ = {isa = PBXBuildFile; fileRef = FDB1CEA12973CD1B0073EAA1 /* ClientViewModel.swift */; };
		FDB1CEAD2973CD1B0073EAA1 /* ClientModel.swift in Sources */ = {isa = PBXBuildFile; fileRef = FDB1CEA32973CD1B0073EAA1 /* ClientModel.swift */; };
		FDB1CEAE2973CD1B0073EAA1 /* ReciveMessageItemView.swift in Sources */ = {isa = PBXBuildFile; fileRef = FDB1CEA52973CD1B0073EAA1 /* ReciveMessageItemView.swift */; };
		FDB1CEAF2973CD1B0073EAA1 /* ClientView.swift in Sources */ = {isa = PBXBuildFile; fileRef = FDB1CEA62973CD1B0073EAA1 /* ClientView.swift */; };
		FDB1CEB02973CD1B0073EAA1 /* RecevieMessagesView.swift in Sources */ = {isa = PBXBuildFile; fileRef = FDB1CEA72973CD1B0073EAA1 /* RecevieMessagesView.swift */; };
		FDB1CEB12973CD1B0073EAA1 /* SendMessageView.swift in Sources */ = {isa = PBXBuildFile; fileRef = FDB1CEA82973CD1B0073EAA1 /* SendMessageView.swift */; };
		FDB1CEB22973CD1B0073EAA1 /* SendMessageItemView.swift in Sources */ = {isa = PBXBuildFile; fileRef = FDB1CEA92973CD1B0073EAA1 /* SendMessageItemView.swift */; };
		FDB1CEB32973CD1B0073EAA1 /* SendMessagesView.swift in Sources */ = {isa = PBXBuildFile; fileRef = FDB1CEAA2973CD1B0073EAA1 /* SendMessagesView.swift */; };
		FDB1CEB52973CFC10073EAA1 /* ClientToolBarView.swift in Sources */ = {isa = PBXBuildFile; fileRef = FDB1CEB42973CFC10073EAA1 /* ClientToolBarView.swift */; };
		FDB1CEB72973D02E0073EAA1 /* ToolBarItemView.swift in Sources */ = {isa = PBXBuildFile; fileRef = FDB1CEB62973D02E0073EAA1 /* ToolBarItemView.swift */; };
		FDB1CEB92973D4320073EAA1 /* JsonMakerView.swift in Sources */ = {isa = PBXBuildFile; fileRef = FDB1CEB82973D4320073EAA1 /* JsonMakerView.swift */; };
		FDB1CEBB29743AE90073EAA1 /* FormatMessageView.swift in Sources */ = {isa = PBXBuildFile; fileRef = FDB1CEBA29743AE90073EAA1 /* FormatMessageView.swift */; };
		FDB1CEBE297597E80073EAA1 /* ClientsViewModel.swift in Sources */ = {isa = PBXBuildFile; fileRef = FDB1CEBD297597E80073EAA1 /* ClientsViewModel.swift */; };
		FDB1CEC12975A2A60073EAA1 /* ClientsView.swift in Sources */ = {isa = PBXBuildFile; fileRef = FDB1CEC02975A2A60073EAA1 /* ClientsView.swift */; };
		FDB1CEC32975A6A80073EAA1 /* ClientsListItemView.swift in Sources */ = {isa = PBXBuildFile; fileRef = FDB1CEC22975A6A80073EAA1 /* ClientsListItemView.swift */; };
		FDB1CEC62975B1DE0073EAA1 /* ServerViewModel.swift in Sources */ = {isa = PBXBuildFile; fileRef = FDB1CEC52975B1DE0073EAA1 /* ServerViewModel.swift */; };
		FDB1CEC82975B5BE0073EAA1 /* ServerView.swift in Sources */ = {isa = PBXBuildFile; fileRef = FDB1CEC72975B5BE0073EAA1 /* ServerView.swift */; };
		FDB1CECB29768DA50073EAA1 /* MainView.swift in Sources */ = {isa = PBXBuildFile; fileRef = FDB1CECA29768DA50073EAA1 /* MainView.swift */; };
		FDB1CECE297692190073EAA1 /* ServersViewModel.swift in Sources */ = {isa = PBXBuildFile; fileRef = FDB1CECD297692190073EAA1 /* ServersViewModel.swift */; };
		FDB1CED02976935F0073EAA1 /* ServersView.swift in Sources */ = {isa = PBXBuildFile; fileRef = FDB1CECF2976935F0073EAA1 /* ServersView.swift */; };
		FDB1CED22976945F0073EAA1 /* AppendNewServerSetting.swift in Sources */ = {isa = PBXBuildFile; fileRef = FDB1CED12976945F0073EAA1 /* AppendNewServerSetting.swift */; };
		FDB1CED4297697750073EAA1 /* ServersListItemView.swift in Sources */ = {isa = PBXBuildFile; fileRef = FDB1CED3297697750073EAA1 /* ServersListItemView.swift */; };
/* End PBXBuildFile section */

/* Begin PBXFileReference section */
		543AAE2B5BD7E2AE3DF8836E /* Pods-RoSocketDebug.debug.xcconfig */ = {isa = PBXFileReference; includeInIndex = 1; lastKnownFileType = text.xcconfig; name = "Pods-RoSocketDebug.debug.xcconfig"; path = "Target Support Files/Pods-RoSocketDebug/Pods-RoSocketDebug.debug.xcconfig"; sourceTree = "<group>"; };
		5964F58E82CC89380C86B4DF /* Pods_RoSocketDebug.framework */ = {isa = PBXFileReference; explicitFileType = wrapper.framework; includeInIndex = 0; path = Pods_RoSocketDebug.framework; sourceTree = BUILT_PRODUCTS_DIR; };
		59E5922413BC27DF1AB6F7E4 /* Pods-RoSocketDebug.release.xcconfig */ = {isa = PBXFileReference; includeInIndex = 1; lastKnownFileType = text.xcconfig; name = "Pods-RoSocketDebug.release.xcconfig"; path = "Target Support Files/Pods-RoSocketDebug/Pods-RoSocketDebug.release.xcconfig"; sourceTree = "<group>"; };
		FDB1CE862973CC840073EAA1 /* RoSocketDebug.app */ = {isa = PBXFileReference; explicitFileType = wrapper.application; includeInIndex = 0; path = RoSocketDebug.app; sourceTree = BUILT_PRODUCTS_DIR; };
		FDB1CE892973CC840073EAA1 /* RoSocketDebugApp.swift */ = {isa = PBXFileReference; lastKnownFileType = sourcecode.swift; path = RoSocketDebugApp.swift; sourceTree = "<group>"; };
		FDB1CE8B2973CC840073EAA1 /* Persistence.swift */ = {isa = PBXFileReference; lastKnownFileType = sourcecode.swift; path = Persistence.swift; sourceTree = "<group>"; };
		FDB1CE8E2973CC840073EAA1 /* RoSocketDebug.xcdatamodel */ = {isa = PBXFileReference; lastKnownFileType = wrapper.xcdatamodel; path = RoSocketDebug.xcdatamodel; sourceTree = "<group>"; };
		FDB1CE902973CC840073EAA1 /* ContentView.swift */ = {isa = PBXFileReference; lastKnownFileType = sourcecode.swift; path = ContentView.swift; sourceTree = "<group>"; };
		FDB1CE922973CC870073EAA1 /* Assets.xcassets */ = {isa = PBXFileReference; lastKnownFileType = folder.assetcatalog; path = Assets.xcassets; sourceTree = "<group>"; };
		FDB1CE942973CC870073EAA1 /* RoSocketDebug.entitlements */ = {isa = PBXFileReference; lastKnownFileType = text.plist.entitlements; path = RoSocketDebug.entitlements; sourceTree = "<group>"; };
		FDB1CE962973CC870073EAA1 /* Preview Assets.xcassets */ = {isa = PBXFileReference; lastKnownFileType = folder.assetcatalog; path = "Preview Assets.xcassets"; sourceTree = "<group>"; };
		FDB1CE9E2973CD1A0073EAA1 /* MessageModel.swift */ = {isa = PBXFileReference; fileEncoding = 4; lastKnownFileType = sourcecode.swift; path = MessageModel.swift; sourceTree = "<group>"; };
		FDB1CEA12973CD1B0073EAA1 /* ClientViewModel.swift */ = {isa = PBXFileReference; fileEncoding = 4; lastKnownFileType = sourcecode.swift; path = ClientViewModel.swift; sourceTree = "<group>"; };
		FDB1CEA32973CD1B0073EAA1 /* ClientModel.swift */ = {isa = PBXFileReference; fileEncoding = 4; lastKnownFileType = sourcecode.swift; path = ClientModel.swift; sourceTree = "<group>"; };
		FDB1CEA52973CD1B0073EAA1 /* ReciveMessageItemView.swift */ = {isa = PBXFileReference; fileEncoding = 4; lastKnownFileType = sourcecode.swift; path = ReciveMessageItemView.swift; sourceTree = "<group>"; };
		FDB1CEA62973CD1B0073EAA1 /* ClientView.swift */ = {isa = PBXFileReference; fileEncoding = 4; lastKnownFileType = sourcecode.swift; path = ClientView.swift; sourceTree = "<group>"; };
		FDB1CEA72973CD1B0073EAA1 /* RecevieMessagesView.swift */ = {isa = PBXFileReference; fileEncoding = 4; lastKnownFileType = sourcecode.swift; path = RecevieMessagesView.swift; sourceTree = "<group>"; };
		FDB1CEA82973CD1B0073EAA1 /* SendMessageView.swift */ = {isa = PBXFileReference; fileEncoding = 4; lastKnownFileType = sourcecode.swift; path = SendMessageView.swift; sourceTree = "<group>"; };
		FDB1CEA92973CD1B0073EAA1 /* SendMessageItemView.swift */ = {isa = PBXFileReference; fileEncoding = 4; lastKnownFileType = sourcecode.swift; path = SendMessageItemView.swift; sourceTree = "<group>"; };
		FDB1CEAA2973CD1B0073EAA1 /* SendMessagesView.swift */ = {isa = PBXFileReference; fileEncoding = 4; lastKnownFileType = sourcecode.swift; path = SendMessagesView.swift; sourceTree = "<group>"; };
		FDB1CEB42973CFC10073EAA1 /* ClientToolBarView.swift */ = {isa = PBXFileReference; lastKnownFileType = sourcecode.swift; path = ClientToolBarView.swift; sourceTree = "<group>"; };
		FDB1CEB62973D02E0073EAA1 /* ToolBarItemView.swift */ = {isa = PBXFileReference; lastKnownFileType = sourcecode.swift; path = ToolBarItemView.swift; sourceTree = "<group>"; };
		FDB1CEB82973D4320073EAA1 /* JsonMakerView.swift */ = {isa = PBXFileReference; lastKnownFileType = sourcecode.swift; path = JsonMakerView.swift; sourceTree = "<group>"; };
		FDB1CEBA29743AE90073EAA1 /* FormatMessageView.swift */ = {isa = PBXFileReference; lastKnownFileType = sourcecode.swift; path = FormatMessageView.swift; sourceTree = "<group>"; };
		FDB1CEBD297597E80073EAA1 /* ClientsViewModel.swift */ = {isa = PBXFileReference; lastKnownFileType = sourcecode.swift; path = ClientsViewModel.swift; sourceTree = "<group>"; };
		FDB1CEC02975A2A60073EAA1 /* ClientsView.swift */ = {isa = PBXFileReference; lastKnownFileType = sourcecode.swift; path = ClientsView.swift; sourceTree = "<group>"; };
		FDB1CEC22975A6A80073EAA1 /* ClientsListItemView.swift */ = {isa = PBXFileReference; lastKnownFileType = sourcecode.swift; path = ClientsListItemView.swift; sourceTree = "<group>"; };
		FDB1CEC52975B1DE0073EAA1 /* ServerViewModel.swift */ = {isa = PBXFileReference; lastKnownFileType = sourcecode.swift; path = ServerViewModel.swift; sourceTree = "<group>"; };
		FDB1CEC72975B5BE0073EAA1 /* ServerView.swift */ = {isa = PBXFileReference; lastKnownFileType = sourcecode.swift; path = ServerView.swift; sourceTree = "<group>"; };
		FDB1CECA29768DA50073EAA1 /* MainView.swift */ = {isa = PBXFileReference; lastKnownFileType = sourcecode.swift; path = MainView.swift; sourceTree = "<group>"; };
		FDB1CECD297692190073EAA1 /* ServersViewModel.swift */ = {isa = PBXFileReference; lastKnownFileType = sourcecode.swift; path = ServersViewModel.swift; sourceTree = "<group>"; };
		FDB1CECF2976935F0073EAA1 /* ServersView.swift */ = {isa = PBXFileReference; lastKnownFileType = sourcecode.swift; path = ServersView.swift; sourceTree = "<group>"; };
		FDB1CED12976945F0073EAA1 /* AppendNewServerSetting.swift */ = {isa = PBXFileReference; lastKnownFileType = sourcecode.swift; path = AppendNewServerSetting.swift; sourceTree = "<group>"; };
		FDB1CED3297697750073EAA1 /* ServersListItemView.swift */ = {isa = PBXFileReference; lastKnownFileType = sourcecode.swift; path = ServersListItemView.swift; sourceTree = "<group>"; };
/* End PBXFileReference section */

/* Begin PBXFrameworksBuildPhase section */
		FDB1CE832973CC840073EAA1 /* Frameworks */ = {
			isa = PBXFrameworksBuildPhase;
			buildActionMask = 2147483647;
			files = (
				B8F0BC7D726A65EE1B5D7ACB /* Pods_RoSocketDebug.framework in Frameworks */,
			);
			runOnlyForDeploymentPostprocessing = 0;
		};
/* End PBXFrameworksBuildPhase section */

/* Begin PBXGroup section */
		47C34C6A15FEA90190347E83 /* Frameworks */ = {
			isa = PBXGroup;
			children = (
				5964F58E82CC89380C86B4DF /* Pods_RoSocketDebug.framework */,
			);
			name = Frameworks;
			sourceTree = "<group>";
		};
		F3B9357387900F3EC7DDE24B /* Pods */ = {
			isa = PBXGroup;
			children = (
				543AAE2B5BD7E2AE3DF8836E /* Pods-RoSocketDebug.debug.xcconfig */,
				59E5922413BC27DF1AB6F7E4 /* Pods-RoSocketDebug.release.xcconfig */,
			);
			path = Pods;
			sourceTree = "<group>";
		};
		FDB1CE7D2973CC840073EAA1 = {
			isa = PBXGroup;
			children = (
				FDB1CE882973CC840073EAA1 /* RoSocketDebug */,
				FDB1CE872973CC840073EAA1 /* Products */,
				F3B9357387900F3EC7DDE24B /* Pods */,
				47C34C6A15FEA90190347E83 /* Frameworks */,
			);
			sourceTree = "<group>";
		};
		FDB1CE872973CC840073EAA1 /* Products */ = {
			isa = PBXGroup;
			children = (
				FDB1CE862973CC840073EAA1 /* RoSocketDebug.app */,
			);
			name = Products;
			sourceTree = "<group>";
		};
		FDB1CE882973CC840073EAA1 /* RoSocketDebug */ = {
			isa = PBXGroup;
			children = (
				FDB1CECC297691FC0073EAA1 /* Servers */,
				FDB1CEC929768D8C0073EAA1 /* Main */,
				FDB1CEC42975B1AA0073EAA1 /* Server */,
				FDB1CEBC297597CD0073EAA1 /* Clients */,
				FDB1CE9F2973CD1B0073EAA1 /* Client */,
				FDB1CE9D2973CD1A0073EAA1 /* Message */,
				FDB1CE892973CC840073EAA1 /* RoSocketDebugApp.swift */,
				FDB1CE8B2973CC840073EAA1 /* Persistence.swift */,
				FDB1CE902973CC840073EAA1 /* ContentView.swift */,
				FDB1CE922973CC870073EAA1 /* Assets.xcassets */,
				FDB1CE942973CC870073EAA1 /* RoSocketDebug.entitlements */,
				FDB1CE8D2973CC840073EAA1 /* RoSocketDebug.xcdatamodeld */,
				FDB1CE952973CC870073EAA1 /* Preview Content */,
			);
			path = RoSocketDebug;
			sourceTree = "<group>";
		};
		FDB1CE952973CC870073EAA1 /* Preview Content */ = {
			isa = PBXGroup;
			children = (
				FDB1CE962973CC870073EAA1 /* Preview Assets.xcassets */,
			);
			path = "Preview Content";
			sourceTree = "<group>";
		};
		FDB1CE9D2973CD1A0073EAA1 /* Message */ = {
			isa = PBXGroup;
			children = (
				FDB1CE9E2973CD1A0073EAA1 /* MessageModel.swift */,
			);
			path = Message;
			sourceTree = "<group>";
		};
		FDB1CE9F2973CD1B0073EAA1 /* Client */ = {
			isa = PBXGroup;
			children = (
				FDB1CEA02973CD1B0073EAA1 /* ViewModel */,
				FDB1CEA22973CD1B0073EAA1 /* Model */,
				FDB1CEA42973CD1B0073EAA1 /* View */,
			);
			path = Client;
			sourceTree = "<group>";
		};
		FDB1CEA02973CD1B0073EAA1 /* ViewModel */ = {
			isa = PBXGroup;
			children = (
				FDB1CEA12973CD1B0073EAA1 /* ClientViewModel.swift */,
			);
			path = ViewModel;
			sourceTree = "<group>";
		};
		FDB1CEA22973CD1B0073EAA1 /* Model */ = {
			isa = PBXGroup;
			children = (
				FDB1CEA32973CD1B0073EAA1 /* ClientModel.swift */,
			);
			path = Model;
			sourceTree = "<group>";
		};
		FDB1CEA42973CD1B0073EAA1 /* View */ = {
			isa = PBXGroup;
			children = (
				FDB1CEA52973CD1B0073EAA1 /* ReciveMessageItemView.swift */,
				FDB1CEA62973CD1B0073EAA1 /* ClientView.swift */,
				FDB1CEA72973CD1B0073EAA1 /* RecevieMessagesView.swift */,
				FDB1CEA82973CD1B0073EAA1 /* SendMessageView.swift */,
				FDB1CEA92973CD1B0073EAA1 /* SendMessageItemView.swift */,
				FDB1CEAA2973CD1B0073EAA1 /* SendMessagesView.swift */,
				FDB1CEB42973CFC10073EAA1 /* ClientToolBarView.swift */,
				FDB1CEB62973D02E0073EAA1 /* ToolBarItemView.swift */,
				FDB1CEB82973D4320073EAA1 /* JsonMakerView.swift */,
				FDB1CEBA29743AE90073EAA1 /* FormatMessageView.swift */,
			);
			path = View;
			sourceTree = "<group>";
		};
		FDB1CEBC297597CD0073EAA1 /* Clients */ = {
			isa = PBXGroup;
			children = (
				FDB1CEBF2975993E0073EAA1 /* View */,
				FDB1CEBD297597E80073EAA1 /* ClientsViewModel.swift */,
			);
			path = Clients;
			sourceTree = "<group>";
		};
		FDB1CEBF2975993E0073EAA1 /* View */ = {
			isa = PBXGroup;
			children = (
				FDB1CEC02975A2A60073EAA1 /* ClientsView.swift */,
				FDB1CEC22975A6A80073EAA1 /* ClientsListItemView.swift */,
			);
			path = View;
			sourceTree = "<group>";
		};
		FDB1CEC42975B1AA0073EAA1 /* Server */ = {
			isa = PBXGroup;
			children = (
				FDB1CEC52975B1DE0073EAA1 /* ServerViewModel.swift */,
				FDB1CEC72975B5BE0073EAA1 /* ServerView.swift */,
			);
			path = Server;
			sourceTree = "<group>";
		};
		FDB1CEC929768D8C0073EAA1 /* Main */ = {
			isa = PBXGroup;
			children = (
				FDB1CECA29768DA50073EAA1 /* MainView.swift */,
			);
			path = Main;
			sourceTree = "<group>";
		};
		FDB1CECC297691FC0073EAA1 /* Servers */ = {
			isa = PBXGroup;
			children = (
				FDB1CECD297692190073EAA1 /* ServersViewModel.swift */,
				FDB1CECF2976935F0073EAA1 /* ServersView.swift */,
				FDB1CED12976945F0073EAA1 /* AppendNewServerSetting.swift */,
				FDB1CED3297697750073EAA1 /* ServersListItemView.swift */,
			);
			path = Servers;
			sourceTree = "<group>";
		};
/* End PBXGroup section */

/* Begin PBXNativeTarget section */
		FDB1CE852973CC840073EAA1 /* RoSocketDebug */ = {
			isa = PBXNativeTarget;
			buildConfigurationList = FDB1CE9A2973CC870073EAA1 /* Build configuration list for PBXNativeTarget "RoSocketDebug" */;
			buildPhases = (
				672DB781CA785D2A95A4B2DB /* [CP] Check Pods Manifest.lock */,
				FDB1CE822973CC840073EAA1 /* Sources */,
				FDB1CE832973CC840073EAA1 /* Frameworks */,
				FDB1CE842973CC840073EAA1 /* Resources */,
				6BC92EC70D795E4DE2DFF846 /* [CP] Embed Pods Frameworks */,
			);
			buildRules = (
			);
			dependencies = (
			);
			name = RoSocketDebug;
			productName = RoSocketDebug;
			productReference = FDB1CE862973CC840073EAA1 /* RoSocketDebug.app */;
			productType = "com.apple.product-type.application";
		};
/* End PBXNativeTarget section */

/* Begin PBXProject section */
		FDB1CE7E2973CC840073EAA1 /* Project object */ = {
			isa = PBXProject;
			attributes = {
				BuildIndependentTargetsInParallel = 1;
				LastSwiftUpdateCheck = 1410;
				LastUpgradeCheck = 1410;
				TargetAttributes = {
					FDB1CE852973CC840073EAA1 = {
						CreatedOnToolsVersion = 14.1;
					};
				};
			};
			buildConfigurationList = FDB1CE812973CC840073EAA1 /* Build configuration list for PBXProject "RoSocketDebug" */;
			compatibilityVersion = "Xcode 14.0";
			developmentRegion = en;
			hasScannedForEncodings = 0;
			knownRegions = (
				en,
				Base,
			);
			mainGroup = FDB1CE7D2973CC840073EAA1;
			productRefGroup = FDB1CE872973CC840073EAA1 /* Products */;
			projectDirPath = "";
			projectRoot = "";
			targets = (
				FDB1CE852973CC840073EAA1 /* RoSocketDebug */,
			);
		};
/* End PBXProject section */

/* Begin PBXResourcesBuildPhase section */
		FDB1CE842973CC840073EAA1 /* Resources */ = {
			isa = PBXResourcesBuildPhase;
			buildActionMask = 2147483647;
			files = (
				FDB1CE972973CC870073EAA1 /* Preview Assets.xcassets in Resources */,
				FDB1CE932973CC870073EAA1 /* Assets.xcassets in Resources */,
			);
			runOnlyForDeploymentPostprocessing = 0;
		};
/* End PBXResourcesBuildPhase section */

/* Begin PBXShellScriptBuildPhase section */
		672DB781CA785D2A95A4B2DB /* [CP] Check Pods Manifest.lock */ = {
			isa = PBXShellScriptBuildPhase;
			buildActionMask = 2147483647;
			files = (
			);
			inputFileListPaths = (
			);
			inputPaths = (
				"${PODS_PODFILE_DIR_PATH}/Podfile.lock",
				"${PODS_ROOT}/Manifest.lock",
			);
			name = "[CP] Check Pods Manifest.lock";
			outputFileListPaths = (
			);
			outputPaths = (
				"$(DERIVED_FILE_DIR)/Pods-RoSocketDebug-checkManifestLockResult.txt",
			);
			runOnlyForDeploymentPostprocessing = 0;
			shellPath = /bin/sh;
			shellScript = "diff \"${PODS_PODFILE_DIR_PATH}/Podfile.lock\" \"${PODS_ROOT}/Manifest.lock\" > /dev/null\nif [ $? != 0 ] ; then\n    # print error to STDERR\n    echo \"error: The sandbox is not in sync with the Podfile.lock. Run 'pod install' or update your CocoaPods installation.\" >&2\n    exit 1\nfi\n# This output is used by Xcode 'outputs' to avoid re-running this script phase.\necho \"SUCCESS\" > \"${SCRIPT_OUTPUT_FILE_0}\"\n";
			showEnvVarsInLog = 0;
		};
		6BC92EC70D795E4DE2DFF846 /* [CP] Embed Pods Frameworks */ = {
			isa = PBXShellScriptBuildPhase;
			buildActionMask = 2147483647;
			files = (
			);
			inputFileListPaths = (
				"${PODS_ROOT}/Target Support Files/Pods-RoSocketDebug/Pods-RoSocketDebug-frameworks-${CONFIGURATION}-input-files.xcfilelist",
			);
			name = "[CP] Embed Pods Frameworks";
			outputFileListPaths = (
				"${PODS_ROOT}/Target Support Files/Pods-RoSocketDebug/Pods-RoSocketDebug-frameworks-${CONFIGURATION}-output-files.xcfilelist",
			);
			runOnlyForDeploymentPostprocessing = 0;
			shellPath = /bin/sh;
			shellScript = "\"${PODS_ROOT}/Target Support Files/Pods-RoSocketDebug/Pods-RoSocketDebug-frameworks.sh\"\n";
			showEnvVarsInLog = 0;
		};
/* End PBXShellScriptBuildPhase section */

/* Begin PBXSourcesBuildPhase section */
		FDB1CE822973CC840073EAA1 /* Sources */ = {
			isa = PBXSourcesBuildPhase;
			buildActionMask = 2147483647;
			files = (
				FDB1CEAB2973CD1B0073EAA1 /* MessageModel.swift in Sources */,
				FDB1CEB22973CD1B0073EAA1 /* SendMessageItemView.swift in Sources */,
				FDB1CEC62975B1DE0073EAA1 /* ServerViewModel.swift in Sources */,
				FDB1CEBB29743AE90073EAA1 /* FormatMessageView.swift in Sources */,
				FDB1CEB72973D02E0073EAA1 /* ToolBarItemView.swift in Sources */,
				FDB1CEB92973D4320073EAA1 /* JsonMakerView.swift in Sources */,
				FDB1CEAD2973CD1B0073EAA1 /* ClientModel.swift in Sources */,
				FDB1CED02976935F0073EAA1 /* ServersView.swift in Sources */,
				FDB1CEAC2973CD1B0073EAA1 /* ClientViewModel.swift in Sources */,
				FDB1CEAE2973CD1B0073EAA1 /* ReciveMessageItemView.swift in Sources */,
				FDB1CE8A2973CC840073EAA1 /* RoSocketDebugApp.swift in Sources */,
				FDB1CE8F2973CC840073EAA1 /* RoSocketDebug.xcdatamodeld in Sources */,
				FDB1CEB12973CD1B0073EAA1 /* SendMessageView.swift in Sources */,
				FDB1CEC12975A2A60073EAA1 /* ClientsView.swift in Sources */,
				FDB1CEB32973CD1B0073EAA1 /* SendMessagesView.swift in Sources */,
				FDB1CE912973CC840073EAA1 /* ContentView.swift in Sources */,
				FDB1CECE297692190073EAA1 /* ServersViewModel.swift in Sources */,
				FDB1CEC82975B5BE0073EAA1 /* ServerView.swift in Sources */,
				FDB1CED4297697750073EAA1 /* ServersListItemView.swift in Sources */,
				FDB1CED22976945F0073EAA1 /* AppendNewServerSetting.swift in Sources */,
				FDB1CE8C2973CC840073EAA1 /* Persistence.swift in Sources */,
				FDB1CEB02973CD1B0073EAA1 /* RecevieMessagesView.swift in Sources */,
				FDB1CEC32975A6A80073EAA1 /* ClientsListItemView.swift in Sources */,
				FDB1CECB29768DA50073EAA1 /* MainView.swift in Sources */,
				FDB1CEAF2973CD1B0073EAA1 /* ClientView.swift in Sources */,
				FDB1CEB52973CFC10073EAA1 /* ClientToolBarView.swift in Sources */,
				FDB1CEBE297597E80073EAA1 /* ClientsViewModel.swift in Sources */,
			);
			runOnlyForDeploymentPostprocessing = 0;
		};
/* End PBXSourcesBuildPhase section */

/* Begin XCBuildConfiguration section */
		FDB1CE982973CC870073EAA1 /* Debug */ = {
			isa = XCBuildConfiguration;
			buildSettings = {
				ALWAYS_SEARCH_USER_PATHS = NO;
				CLANG_ANALYZER_NONNULL = YES;
				CLANG_ANALYZER_NUMBER_OBJECT_CONVERSION = YES_AGGRESSIVE;
				CLANG_CXX_LANGUAGE_STANDARD = "gnu++20";
				CLANG_ENABLE_MODULES = YES;
				CLANG_ENABLE_OBJC_ARC = YES;
				CLANG_ENABLE_OBJC_WEAK = YES;
				CLANG_WARN_BLOCK_CAPTURE_AUTORELEASING = YES;
				CLANG_WARN_BOOL_CONVERSION = YES;
				CLANG_WARN_COMMA = YES;
				CLANG_WARN_CONSTANT_CONVERSION = YES;
				CLANG_WARN_DEPRECATED_OBJC_IMPLEMENTATIONS = YES;
				CLANG_WARN_DIRECT_OBJC_ISA_USAGE = YES_ERROR;
				CLANG_WARN_DOCUMENTATION_COMMENTS = YES;
				CLANG_WARN_EMPTY_BODY = YES;
				CLANG_WARN_ENUM_CONVERSION = YES;
				CLANG_WARN_INFINITE_RECURSION = YES;
				CLANG_WARN_INT_CONVERSION = YES;
				CLANG_WARN_NON_LITERAL_NULL_CONVERSION = YES;
				CLANG_WARN_OBJC_IMPLICIT_RETAIN_SELF = YES;
				CLANG_WARN_OBJC_LITERAL_CONVERSION = YES;
				CLANG_WARN_OBJC_ROOT_CLASS = YES_ERROR;
				CLANG_WARN_QUOTED_INCLUDE_IN_FRAMEWORK_HEADER = YES;
				CLANG_WARN_RANGE_LOOP_ANALYSIS = YES;
				CLANG_WARN_STRICT_PROTOTYPES = YES;
				CLANG_WARN_SUSPICIOUS_MOVE = YES;
				CLANG_WARN_UNGUARDED_AVAILABILITY = YES_AGGRESSIVE;
				CLANG_WARN_UNREACHABLE_CODE = YES;
				CLANG_WARN__DUPLICATE_METHOD_MATCH = YES;
				COPY_PHASE_STRIP = NO;
				DEBUG_INFORMATION_FORMAT = dwarf;
				ENABLE_STRICT_OBJC_MSGSEND = YES;
				ENABLE_TESTABILITY = YES;
				GCC_C_LANGUAGE_STANDARD = gnu11;
				GCC_DYNAMIC_NO_PIC = NO;
				GCC_NO_COMMON_BLOCKS = YES;
				GCC_OPTIMIZATION_LEVEL = 0;
				GCC_PREPROCESSOR_DEFINITIONS = (
					"DEBUG=1",
					"$(inherited)",
				);
				GCC_WARN_64_TO_32_BIT_CONVERSION = YES;
				GCC_WARN_ABOUT_RETURN_TYPE = YES_ERROR;
				GCC_WARN_UNDECLARED_SELECTOR = YES;
				GCC_WARN_UNINITIALIZED_AUTOS = YES_AGGRESSIVE;
				GCC_WARN_UNUSED_FUNCTION = YES;
				GCC_WARN_UNUSED_VARIABLE = YES;
				MTL_ENABLE_DEBUG_INFO = INCLUDE_SOURCE;
				MTL_FAST_MATH = YES;
				ONLY_ACTIVE_ARCH = YES;
				SWIFT_ACTIVE_COMPILATION_CONDITIONS = DEBUG;
				SWIFT_OPTIMIZATION_LEVEL = "-Onone";
			};
			name = Debug;
		};
		FDB1CE992973CC870073EAA1 /* Release */ = {
			isa = XCBuildConfiguration;
			buildSettings = {
				ALWAYS_SEARCH_USER_PATHS = NO;
				CLANG_ANALYZER_NONNULL = YES;
				CLANG_ANALYZER_NUMBER_OBJECT_CONVERSION = YES_AGGRESSIVE;
				CLANG_CXX_LANGUAGE_STANDARD = "gnu++20";
				CLANG_ENABLE_MODULES = YES;
				CLANG_ENABLE_OBJC_ARC = YES;
				CLANG_ENABLE_OBJC_WEAK = YES;
				CLANG_WARN_BLOCK_CAPTURE_AUTORELEASING = YES;
				CLANG_WARN_BOOL_CONVERSION = YES;
				CLANG_WARN_COMMA = YES;
				CLANG_WARN_CONSTANT_CONVERSION = YES;
				CLANG_WARN_DEPRECATED_OBJC_IMPLEMENTATIONS = YES;
				CLANG_WARN_DIRECT_OBJC_ISA_USAGE = YES_ERROR;
				CLANG_WARN_DOCUMENTATION_COMMENTS = YES;
				CLANG_WARN_EMPTY_BODY = YES;
				CLANG_WARN_ENUM_CONVERSION = YES;
				CLANG_WARN_INFINITE_RECURSION = YES;
				CLANG_WARN_INT_CONVERSION = YES;
				CLANG_WARN_NON_LITERAL_NULL_CONVERSION = YES;
				CLANG_WARN_OBJC_IMPLICIT_RETAIN_SELF = YES;
				CLANG_WARN_OBJC_LITERAL_CONVERSION = YES;
				CLANG_WARN_OBJC_ROOT_CLASS = YES_ERROR;
				CLANG_WARN_QUOTED_INCLUDE_IN_FRAMEWORK_HEADER = YES;
				CLANG_WARN_RANGE_LOOP_ANALYSIS = YES;
				CLANG_WARN_STRICT_PROTOTYPES = YES;
				CLANG_WARN_SUSPICIOUS_MOVE = YES;
				CLANG_WARN_UNGUARDED_AVAILABILITY = YES_AGGRESSIVE;
				CLANG_WARN_UNREACHABLE_CODE = YES;
				CLANG_WARN__DUPLICATE_METHOD_MATCH = YES;
				COPY_PHASE_STRIP = NO;
				DEBUG_INFORMATION_FORMAT = "dwarf-with-dsym";
				ENABLE_NS_ASSERTIONS = NO;
				ENABLE_STRICT_OBJC_MSGSEND = YES;
				GCC_C_LANGUAGE_STANDARD = gnu11;
				GCC_NO_COMMON_BLOCKS = YES;
				GCC_WARN_64_TO_32_BIT_CONVERSION = YES;
				GCC_WARN_ABOUT_RETURN_TYPE = YES_ERROR;
				GCC_WARN_UNDECLARED_SELECTOR = YES;
				GCC_WARN_UNINITIALIZED_AUTOS = YES_AGGRESSIVE;
				GCC_WARN_UNUSED_FUNCTION = YES;
				GCC_WARN_UNUSED_VARIABLE = YES;
				MTL_ENABLE_DEBUG_INFO = NO;
				MTL_FAST_MATH = YES;
				SWIFT_COMPILATION_MODE = wholemodule;
				SWIFT_OPTIMIZATION_LEVEL = "-O";
			};
			name = Release;
		};
		FDB1CE9B2973CC870073EAA1 /* Debug */ = {
			isa = XCBuildConfiguration;
			baseConfigurationReference = 543AAE2B5BD7E2AE3DF8836E /* Pods-RoSocketDebug.debug.xcconfig */;
			buildSettings = {
				ASSETCATALOG_COMPILER_APPICON_NAME = AppIcon;
				ASSETCATALOG_COMPILER_GLOBAL_ACCENT_COLOR_NAME = AccentColor;
				ASSETCATALOG_COMPILER_INCLUDE_ALL_APPICON_ASSETS = YES;
				CODE_SIGN_ENTITLEMENTS = RoSocketDebug/RoSocketDebug.entitlements;
				CODE_SIGN_STYLE = Automatic;
				CURRENT_PROJECT_VERSION = 1;
				DEVELOPMENT_ASSET_PATHS = "\"RoSocketDebug/Preview Content\"";
				DEVELOPMENT_TEAM = PHWH78T44A;
				ENABLE_HARDENED_RUNTIME = YES;
				ENABLE_PREVIEWS = YES;
				GENERATE_INFOPLIST_FILE = YES;
				INFOPLIST_KEY_CFBundleDisplayName = "socket调试工作";
				INFOPLIST_KEY_LSApplicationCategoryType = "public.app-category.developer-tools";
				INFOPLIST_KEY_NSNetworkVolumesUsageDescription = "$(MARKETING_VERSION)";
				"INFOPLIST_KEY_UIApplicationSceneManifest_Generation[sdk=iphoneos*]" = YES;
				"INFOPLIST_KEY_UIApplicationSceneManifest_Generation[sdk=iphonesimulator*]" = YES;
				"INFOPLIST_KEY_UIApplicationSupportsIndirectInputEvents[sdk=iphoneos*]" = YES;
				"INFOPLIST_KEY_UIApplicationSupportsIndirectInputEvents[sdk=iphonesimulator*]" = YES;
				"INFOPLIST_KEY_UILaunchScreen_Generation[sdk=iphoneos*]" = YES;
				"INFOPLIST_KEY_UILaunchScreen_Generation[sdk=iphonesimulator*]" = YES;
				"INFOPLIST_KEY_UIStatusBarStyle[sdk=iphoneos*]" = UIStatusBarStyleDefault;
				"INFOPLIST_KEY_UIStatusBarStyle[sdk=iphonesimulator*]" = UIStatusBarStyleDefault;
				INFOPLIST_KEY_UISupportedInterfaceOrientations_iPad = "UIInterfaceOrientationPortrait UIInterfaceOrientationPortraitUpsideDown UIInterfaceOrientationLandscapeLeft UIInterfaceOrientationLandscapeRight";
				INFOPLIST_KEY_UISupportedInterfaceOrientations_iPhone = "UIInterfaceOrientationPortrait UIInterfaceOrientationLandscapeLeft UIInterfaceOrientationLandscapeRight";
				IPHONEOS_DEPLOYMENT_TARGET = 16.1;
				LD_RUNPATH_SEARCH_PATHS = "@executable_path/Frameworks";
				"LD_RUNPATH_SEARCH_PATHS[sdk=macosx*]" = "@executable_path/../Frameworks";
				MACOSX_DEPLOYMENT_TARGET = 13.0;
				MARKETING_VERSION = 1.0;
				PRODUCT_BUNDLE_IDENTIFIER = rolodestar.com.RoSocketDebug;
				PRODUCT_NAME = "$(TARGET_NAME)";
				SDKROOT = auto;
				SUPPORTED_PLATFORMS = "iphoneos iphonesimulator macosx";
				SWIFT_EMIT_LOC_STRINGS = YES;
				SWIFT_VERSION = 5.0;
				TARGETED_DEVICE_FAMILY = "1,2";
			};
			name = Debug;
		};
		FDB1CE9C2973CC870073EAA1 /* Release */ = {
			isa = XCBuildConfiguration;
			baseConfigurationReference = 59E5922413BC27DF1AB6F7E4 /* Pods-RoSocketDebug.release.xcconfig */;
			buildSettings = {
				ASSETCATALOG_COMPILER_APPICON_NAME = AppIcon;
				ASSETCATALOG_COMPILER_GLOBAL_ACCENT_COLOR_NAME = AccentColor;
				ASSETCATALOG_COMPILER_INCLUDE_ALL_APPICON_ASSETS = YES;
				CODE_SIGN_ENTITLEMENTS = RoSocketDebug/RoSocketDebug.entitlements;
				CODE_SIGN_STYLE = Automatic;
				CURRENT_PROJECT_VERSION = 1;
				DEVELOPMENT_ASSET_PATHS = "\"RoSocketDebug/Preview Content\"";
				DEVELOPMENT_TEAM = PHWH78T44A;
				ENABLE_HARDENED_RUNTIME = YES;
				ENABLE_PREVIEWS = YES;
				GENERATE_INFOPLIST_FILE = YES;
				INFOPLIST_KEY_CFBundleDisplayName = "socket调试工作";
				INFOPLIST_KEY_LSApplicationCategoryType = "public.app-category.developer-tools";
				INFOPLIST_KEY_NSNetworkVolumesUsageDescription = "$(MARKETING_VERSION)";
				"INFOPLIST_KEY_UIApplicationSceneManifest_Generation[sdk=iphoneos*]" = YES;
				"INFOPLIST_KEY_UIApplicationSceneManifest_Generation[sdk=iphonesimulator*]" = YES;
				"INFOPLIST_KEY_UIApplicationSupportsIndirectInputEvents[sdk=iphoneos*]" = YES;
				"INFOPLIST_KEY_UIApplicationSupportsIndirectInputEvents[sdk=iphonesimulator*]" = YES;
				"INFOPLIST_KEY_UILaunchScreen_Generation[sdk=iphoneos*]" = YES;
				"INFOPLIST_KEY_UILaunchScreen_Generation[sdk=iphonesimulator*]" = YES;
				"INFOPLIST_KEY_UIStatusBarStyle[sdk=iphoneos*]" = UIStatusBarStyleDefault;
				"INFOPLIST_KEY_UIStatusBarStyle[sdk=iphonesimulator*]" = UIStatusBarStyleDefault;
				INFOPLIST_KEY_UISupportedInterfaceOrientations_iPad = "UIInterfaceOrientationPortrait UIInterfaceOrientationPortraitUpsideDown UIInterfaceOrientationLandscapeLeft UIInterfaceOrientationLandscapeRight";
				INFOPLIST_KEY_UISupportedInterfaceOrientations_iPhone = "UIInterfaceOrientationPortrait UIInterfaceOrientationLandscapeLeft UIInterfaceOrientationLandscapeRight";
				IPHONEOS_DEPLOYMENT_TARGET = 16.1;
				LD_RUNPATH_SEARCH_PATHS = "@executable_path/Frameworks";
				"LD_RUNPATH_SEARCH_PATHS[sdk=macosx*]" = "@executable_path/../Frameworks";
				MACOSX_DEPLOYMENT_TARGET = 13.0;
				MARKETING_VERSION = 1.0;
				PRODUCT_BUNDLE_IDENTIFIER = rolodestar.com.RoSocketDebug;
				PRODUCT_NAME = "$(TARGET_NAME)";
				SDKROOT = auto;
				SUPPORTED_PLATFORMS = "iphoneos iphonesimulator macosx";
				SWIFT_EMIT_LOC_STRINGS = YES;
				SWIFT_VERSION = 5.0;
				TARGETED_DEVICE_FAMILY = "1,2";
			};
			name = Release;
		};
/* End XCBuildConfiguration section */

/* Begin XCConfigurationList section */
		FDB1CE812973CC840073EAA1 /* Build configuration list for PBXProject "RoSocketDebug" */ = {
			isa = XCConfigurationList;
			buildConfigurations = (
				FDB1CE982973CC870073EAA1 /* Debug */,
				FDB1CE992973CC870073EAA1 /* Release */,
			);
			defaultConfigurationIsVisible = 0;
			defaultConfigurationName = Release;
		};
		FDB1CE9A2973CC870073EAA1 /* Build configuration list for PBXNativeTarget "RoSocketDebug" */ = {
			isa = XCConfigurationList;
			buildConfigurations = (
				FDB1CE9B2973CC870073EAA1 /* Debug */,
				FDB1CE9C2973CC870073EAA1 /* Release */,
			);
			defaultConfigurationIsVisible = 0;
			defaultConfigurationName = Release;
		};
/* End XCConfigurationList section */

/* Begin XCVersionGroup section */
		FDB1CE8D2973CC840073EAA1 /* RoSocketDebug.xcdatamodeld */ = {
			isa = XCVersionGroup;
			children = (
				FDB1CE8E2973CC840073EAA1 /* RoSocketDebug.xcdatamodel */,
			);
			currentVersion = FDB1CE8E2973CC840073EAA1 /* RoSocketDebug.xcdatamodel */;
			path = RoSocketDebug.xcdatamodeld;
			sourceTree = "<group>";
			versionGroupType = wrapper.xcdatamodel;
		};
/* End XCVersionGroup section */
	};
	rootObject = FDB1CE7E2973CC840073EAA1 /* Project object */;
}
